
Microsoft Visual Studio Solution File, Format Version 12.00
# Visual Studio Version 16
VisualStudioVersion = 16.0.28803.452
MinimumVisualStudioVersion = 10.0.40219.1
Project("{FAE04EC0-301F-11D3-BF4B-00C04F79EFBC}") = "DevIO.App", "src\DevIO.App\DevIO.App.csproj", "{26F8E2AD-061E-4069-A226-CC3122F8437B}"
EndProject
Project("{FAE04EC0-301F-11D3-BF4B-00C04F79EFBC}") = "DevIO.Business", "src\DevIO.Business\DevIO.Business.csproj", "{7BE1ACF5-B92C-4D35-8DCD-D8156CAB5FF2}"
EndProject
Project("{FAE04EC0-301F-11D3-BF4B-00C04F79EFBC}") = "DevIO.Data", "src\DevIO.Data\DevIO.Data.csproj", "{745D2215-F4EF-4F82-B72A-FF936F6B0AE6}"
EndProject
Global
	GlobalSection(SolutionConfigurationPlatforms) = preSolution
		Debug|Any CPU = Debug|Any CPU
		Release|Any CPU = Release|Any CPU
	EndGlobalSection
	GlobalSection(ProjectConfigurationPlatforms) = postSolution
		{26F8E2AD-061E-4069-A226-CC3122F8437B}.Debug|Any CPU.ActiveCfg = Debug|Any CPU
		{26F8E2AD-061E-4069-A226-CC3122F8437B}.Debug|Any CPU.Build.0 = Debug|Any CPU
		{26F8E2AD-061E-4069-A226-CC3122F8437B}.Release|Any CPU.ActiveCfg = Release|Any CPU
		{26F8E2AD-061E-4069-A226-CC3122F8437B}.Release|Any CPU.Build.0 = Release|Any CPU
		{7BE1ACF5-B92C-4D35-8DCD-D8156CAB5FF2}.Debug|Any CPU.ActiveCfg = Debug|Any CPU
		{7BE1ACF5-B92C-4D35-8DCD-D8156CAB5FF2}.Debug|Any CPU.Build.0 = Debug|Any CPU
		{7BE1ACF5-B92C-4D35-8DCD-D8156CAB5FF2}.Release|Any CPU.ActiveCfg = Release|Any CPU
		{7BE1ACF5-B92C-4D35-8DCD-D8156CAB5FF2}.Release|Any CPU.Build.0 = Release|Any CPU
		{745D2215-F4EF-4F82-B72A-FF936F6B0AE6}.Debug|Any CPU.ActiveCfg = Debug|Any CPU
		{745D2215-F4EF-4F82-B72A-FF936F6B0AE6}.Debug|Any CPU.Build.0 = Debug|Any CPU
		{745D2215-F4EF-4F82-B72A-FF936F6B0AE6}.Release|Any CPU.ActiveCfg = Release|Any CPU
		{745D2215-F4EF-4F82-B72A-FF936F6B0AE6}.Release|Any CPU.Build.0 = Release|Any CPU
	EndGlobalSection
	GlobalSection(SolutionProperties) = preSolution
		HideSolutionNode = FALSE
	EndGlobalSection
	GlobalSection(ExtensibilityGlobals) = postSolution
		SolutionGuid = {00668478-9CF7-4AED-B8EF-F5F24342FA3F}
	EndGlobalSection
EndGlobal
